
Microsoft Visual Studio Solution File, Format Version 12.00
# Visual Studio Version 17
VisualStudioVersion = 17.13.35931.197 d17.13
MinimumVisualStudioVersion = 10.0.40219.1
Project("{FAE04EC0-301F-11D3-BF4B-00C04F79EFBC}") = "EventHub_Api", "EventHub_Api\EventHub_Api.csproj", "{125A98CE-9ACF-4D58-A0DA-5E06BCD57573}"
EndProject
Global
	GlobalSection(SolutionConfigurationPlatforms) = preSolution
		Debug|Any CPU = Debug|Any CPU
		Release|Any CPU = Release|Any CPU
	EndGlobalSection
	GlobalSection(ProjectConfigurationPlatforms) = postSolution
		{125A98CE-9ACF-4D58-A0DA-5E06BCD57573}.Debug|Any CPU.ActiveCfg = Debug|Any CPU
		{125A98CE-9ACF-4D58-A0DA-5E06BCD57573}.Debug|Any CPU.Build.0 = Debug|Any CPU
		{125A98CE-9ACF-4D58-A0DA-5E06BCD57573}.Release|Any CPU.ActiveCfg = Release|Any CPU
		{125A98CE-9ACF-4D58-A0DA-5E06BCD57573}.Release|Any CPU.Build.0 = Release|Any CPU
	EndGlobalSection
	GlobalSection(SolutionProperties) = preSolution
		HideSolutionNode = FALSE
	EndGlobalSection
	GlobalSection(ExtensibilityGlobals) = postSolution
		SolutionGuid = {A1DF6059-81C3-4728-AA7A-1025E3136CD1}
	EndGlobalSection
EndGlobal
